
Microsoft Visual Studio Solution File, Format Version 12.00
# Visual Studio Version 17
VisualStudioVersion = 17.0.32014.148
MinimumVisualStudioVersion = 10.0.40219.1
Project("{FAE04EC0-301F-11D3-BF4B-00C04F79EFBC}") = "HttpClientDemoApp", "HttpClientDemoApp\HttpClientDemoApp.csproj", "{EC323C61-0909-4F22-924D-13F600E0B4CE}"
EndProject
Global
	GlobalSection(SolutionConfigurationPlatforms) = preSolution
		Debug|Any CPU = Debug|Any CPU
		Release|Any CPU = Release|Any CPU
	EndGlobalSection
	GlobalSection(ProjectConfigurationPlatforms) = postSolution
		{EC323C61-0909-4F22-924D-13F600E0B4CE}.Debug|Any CPU.ActiveCfg = Debug|Any CPU
		{EC323C61-0909-4F22-924D-13F600E0B4CE}.Debug|Any CPU.Build.0 = Debug|Any CPU
		{EC323C61-0909-4F22-924D-13F600E0B4CE}.Release|Any CPU.ActiveCfg = Release|Any CPU
		{EC323C61-0909-4F22-924D-13F600E0B4CE}.Release|Any CPU.Build.0 = Release|Any CPU
	EndGlobalSection
	GlobalSection(SolutionProperties) = preSolution
		HideSolutionNode = FALSE
	EndGlobalSection
	GlobalSection(ExtensibilityGlobals) = postSolution
		SolutionGuid = {773AFAE0-27E0-4D64-A781-BBD5ECC8FECE}
	EndGlobalSection
EndGlobal
